// !$*UTF8*$!
{
	archiveVersion = 1;
	classes = {
	};
	objectVersion = 56;
	objects = {

/* Begin PBXBuildFile section */
		A10001000000000000000001 /* VisioMobileApp.swift in Sources */ = {isa = PBXBuildFile; fileRef = A10002000000000000000001 /* VisioMobileApp.swift */; };
		A10001000000000000000003 /* VisioManager.swift in Sources */ = {isa = PBXBuildFile; fileRef = A10002000000000000000003 /* VisioManager.swift */; };
		A10001000000000000000004 /* AudioPlayout.swift in Sources */ = {isa = PBXBuildFile; fileRef = A10002000000000000000004 /* AudioPlayout.swift */; };
		A10001000000000000000005 /* VideoFrameRouter.swift in Sources */ = {isa = PBXBuildFile; fileRef = A10002000000000000000005 /* VideoFrameRouter.swift */; };
		A10001000000000000000006 /* HomeView.swift in Sources */ = {isa = PBXBuildFile; fileRef = A10002000000000000000006 /* HomeView.swift */; };
		A10001000000000000000007 /* CallView.swift in Sources */ = {isa = PBXBuildFile; fileRef = A10002000000000000000007 /* CallView.swift */; };
		A10001000000000000000008 /* ChatView.swift in Sources */ = {isa = PBXBuildFile; fileRef = A10002000000000000000008 /* ChatView.swift */; };
		A10001000000000000000009 /* VideoLayerView.swift in Sources */ = {isa = PBXBuildFile; fileRef = A10002000000000000000009 /* VideoLayerView.swift */; };
		A1000100000000000000000A /* visio.swift in Sources */ = {isa = PBXBuildFile; fileRef = A1000200000000000000000A /* visio.swift */; };
		A1000100000000000000000E /* CameraCapture.swift in Sources */ = {isa = PBXBuildFile; fileRef = A10002000000000000000012 /* CameraCapture.swift */; };
		A1000100000000000000000F /* ParticipantListSheet.swift in Sources */ = {isa = PBXBuildFile; fileRef = A10002000000000000000013 /* ParticipantListSheet.swift */; };
		A10001000000000000000010 /* Strings.swift in Sources */ = {isa = PBXBuildFile; fileRef = A10002000000000000000014 /* Strings.swift */; };
		A10001000000000000000011 /* Theme.swift in Sources */ = {isa = PBXBuildFile; fileRef = A10002000000000000000015 /* Theme.swift */; };
		A10001000000000000000012 /* VisioLogo.swift in Sources */ = {isa = PBXBuildFile; fileRef = A10002000000000000000016 /* VisioLogo.swift */; };
		A10001000000000000000013 /* SettingsView.swift in Sources */ = {isa = PBXBuildFile; fileRef = A10002000000000000000017 /* SettingsView.swift */; };
		A10001000000000000000014 /* CallKitManager.swift in Sources */ = {isa = PBXBuildFile; fileRef = A10002000000000000000018 /* CallKitManager.swift */; };
		A10001000000000000000015 /* PiPManager.swift in Sources */ = {isa = PBXBuildFile; fileRef = A10002000000000000000019 /* PiPManager.swift */; };
		A10001000000000000000016 /* ToolbarFix.swift in Sources */ = {isa = PBXBuildFile; fileRef = A1000200000000000000001A /* ToolbarFix.swift */; };
		A10001000000000000000017 /* Assets.xcassets in Resources */ = {isa = PBXBuildFile; fileRef = A1000200000000000000001B /* Assets.xcassets */; };
		A10001000000000000000018 /* InCallSettingsSheet.swift in Sources */ = {isa = PBXBuildFile; fileRef = A1000200000000000000001C /* InCallSettingsSheet.swift */; };
		A1000100000000000000000B /* libvisio_ffi.a in Frameworks */ = {isa = PBXBuildFile; fileRef = A1000200000000000000000B /* libvisio_ffi.a */; };
		A1000100000000000000000D /* libresolv.tbd in Frameworks */ = {isa = PBXBuildFile; fileRef = A1000200000000000000000D /* libresolv.tbd */; };
		A10001000000000000000019 /* OidcAuthManager.swift in Sources */ = {isa = PBXBuildFile; fileRef = A1000200000000000000001D /* OidcAuthManager.swift */; };
		A1000100000000000000001A /* ContextDetector.swift in Sources */ = {isa = PBXBuildFile; fileRef = A1000200000000000000001E /* ContextDetector.swift */; };
/* End PBXBuildFile section */

/* Begin PBXFileReference section */
		A10002000000000000000001 /* VisioMobileApp.swift */ = {isa = PBXFileReference; lastKnownFileType = sourcecode.swift; path = VisioMobileApp.swift; sourceTree = "<group>"; };
		A10002000000000000000003 /* VisioManager.swift */ = {isa = PBXFileReference; lastKnownFileType = sourcecode.swift; path = VisioManager.swift; sourceTree = "<group>"; };
		A10002000000000000000004 /* AudioPlayout.swift */ = {isa = PBXFileReference; lastKnownFileType = sourcecode.swift; path = AudioPlayout.swift; sourceTree = "<group>"; };
		A10002000000000000000005 /* VideoFrameRouter.swift */ = {isa = PBXFileReference; lastKnownFileType = sourcecode.swift; path = VideoFrameRouter.swift; sourceTree = "<group>"; };
		A10002000000000000000006 /* HomeView.swift */ = {isa = PBXFileReference; lastKnownFileType = sourcecode.swift; path = HomeView.swift; sourceTree = "<group>"; };
		A10002000000000000000007 /* CallView.swift */ = {isa = PBXFileReference; lastKnownFileType = sourcecode.swift; path = CallView.swift; sourceTree = "<group>"; };
		A10002000000000000000008 /* ChatView.swift */ = {isa = PBXFileReference; lastKnownFileType = sourcecode.swift; path = ChatView.swift; sourceTree = "<group>"; };
		A10002000000000000000009 /* VideoLayerView.swift */ = {isa = PBXFileReference; lastKnownFileType = sourcecode.swift; path = VideoLayerView.swift; sourceTree = "<group>"; };
		A1000200000000000000000A /* visio.swift */ = {isa = PBXFileReference; lastKnownFileType = sourcecode.swift; path = visio.swift; sourceTree = "<group>"; };
		A1000200000000000000000B /* libvisio_ffi.a */ = {isa = PBXFileReference; lastKnownFileType = archive.ar; name = libvisio_ffi.a; path = "../target/aarch64-apple-ios-sim/release/libvisio_ffi.a"; sourceTree = "<group>"; };
		A1000200000000000000000D /* libresolv.tbd */ = {isa = PBXFileReference; lastKnownFileType = "sourcecode.text-based-dylib-definition"; name = libresolv.tbd; path = usr/lib/libresolv.tbd; sourceTree = SDKROOT; };
		A1000200000000000000000E /* Info.plist */ = {isa = PBXFileReference; lastKnownFileType = text.plist.xml; path = Info.plist; sourceTree = "<group>"; };
		A1000200000000000000000F /* visioFFI.h */ = {isa = PBXFileReference; lastKnownFileType = sourcecode.c.h; path = visioFFI.h; sourceTree = "<group>"; };
		A10002000000000000000010 /* visioFFI.modulemap */ = {isa = PBXFileReference; lastKnownFileType = "sourcecode.module-map"; path = visioFFI.modulemap; sourceTree = "<group>"; };
		A10002000000000000000011 /* visio_native.h */ = {isa = PBXFileReference; lastKnownFileType = sourcecode.c.h; path = visio_native.h; sourceTree = "<group>"; };
		A10002000000000000000012 /* CameraCapture.swift */ = {isa = PBXFileReference; lastKnownFileType = sourcecode.swift; path = CameraCapture.swift; sourceTree = "<group>"; };
		A10002000000000000000013 /* ParticipantListSheet.swift */ = {isa = PBXFileReference; lastKnownFileType = sourcecode.swift; path = ParticipantListSheet.swift; sourceTree = "<group>"; };
		A10002000000000000000014 /* Strings.swift */ = {isa = PBXFileReference; lastKnownFileType = sourcecode.swift; path = Strings.swift; sourceTree = "<group>"; };
		A10002000000000000000015 /* Theme.swift */ = {isa = PBXFileReference; lastKnownFileType = sourcecode.swift; path = Theme.swift; sourceTree = "<group>"; };
		A10002000000000000000016 /* VisioLogo.swift */ = {isa = PBXFileReference; lastKnownFileType = sourcecode.swift; path = VisioLogo.swift; sourceTree = "<group>"; };
		A10002000000000000000017 /* SettingsView.swift */ = {isa = PBXFileReference; lastKnownFileType = sourcecode.swift; path = SettingsView.swift; sourceTree = "<group>"; };
		A10002000000000000000018 /* CallKitManager.swift */ = {isa = PBXFileReference; lastKnownFileType = sourcecode.swift; path = CallKitManager.swift; sourceTree = "<group>"; };
		A10002000000000000000019 /* PiPManager.swift */ = {isa = PBXFileReference; lastKnownFileType = sourcecode.swift; path = PiPManager.swift; sourceTree = "<group>"; };
		A1000200000000000000001A /* ToolbarFix.swift */ = {isa = PBXFileReference; lastKnownFileType = sourcecode.swift; path = ToolbarFix.swift; sourceTree = "<group>"; };
		A1000200000000000000001B /* Assets.xcassets */ = {isa = PBXFileReference; lastKnownFileType = folder.assetcatalog; path = Assets.xcassets; sourceTree = "<group>"; };
		A1000200000000000000001C /* InCallSettingsSheet.swift */ = {isa = PBXFileReference; lastKnownFileType = sourcecode.swift; path = InCallSettingsSheet.swift; sourceTree = "<group>"; };
		A1000200000000000000001D /* OidcAuthManager.swift */ = {isa = PBXFileReference; lastKnownFileType = sourcecode.swift; path = OidcAuthManager.swift; sourceTree = "<group>"; };
		A1000200000000000000001E /* ContextDetector.swift */ = {isa = PBXFileReference; lastKnownFileType = sourcecode.swift; path = ContextDetector.swift; sourceTree = "<group>"; };
		A10003000000000000000001 /* VisioMobile.app */ = {isa = PBXFileReference; explicitFileType = wrapper.application; includeInIndex = 0; path = VisioMobile.app; sourceTree = BUILT_PRODUCTS_DIR; };
/* End PBXFileReference section */

/* Begin PBXFrameworksBuildPhase section */
		A10004000000000000000001 /* Frameworks */ = {
			isa = PBXFrameworksBuildPhase;
			buildActionMask = 2147483647;
			files = (
				A1000100000000000000000B /* libvisio_ffi.a in Frameworks */,
				A1000100000000000000000D /* libresolv.tbd in Frameworks */,
			);
			runOnlyForDeploymentPostprocessing = 0;
		};
/* End PBXFrameworksBuildPhase section */

/* Begin PBXGroup section */
		A10005000000000000000001 = {
			isa = PBXGroup;
			children = (
				A10005000000000000000002 /* VisioMobile */,
				A10005000000000000000005 /* Frameworks */,
				A10005000000000000000003 /* Products */,
			);
			sourceTree = "<group>";
		};
		A10005000000000000000002 /* VisioMobile */ = {
			isa = PBXGroup;
			children = (
				A10002000000000000000001 /* VisioMobileApp.swift */,
				A10002000000000000000003 /* VisioManager.swift */,
				A10002000000000000000004 /* AudioPlayout.swift */,
				A10002000000000000000005 /* VideoFrameRouter.swift */,
				A10002000000000000000012 /* CameraCapture.swift */,
				A10002000000000000000015 /* Theme.swift */,
				A1000200000000000000001A /* ToolbarFix.swift */,
				A10005000000000000000007 /* i18n */,
				A10005000000000000000004 /* Views */,
				A10005000000000000000008 /* Services */,
				A10005000000000000000009 /* Auth */,
				A10005000000000000000006 /* Generated */,
				A1000200000000000000001B /* Assets.xcassets */,
				A1000200000000000000000E /* Info.plist */,
			);
			path = VisioMobile;
			sourceTree = "<group>";
		};
		A10005000000000000000003 /* Products */ = {
			isa = PBXGroup;
			children = (
				A10003000000000000000001 /* VisioMobile.app */,
			);
			name = Products;
			sourceTree = "<group>";
		};
		A10005000000000000000004 /* Views */ = {
			isa = PBXGroup;
			children = (
				A10002000000000000000006 /* HomeView.swift */,
				A10002000000000000000007 /* CallView.swift */,
				A10002000000000000000008 /* ChatView.swift */,
				A10002000000000000000009 /* VideoLayerView.swift */,
				A10002000000000000000013 /* ParticipantListSheet.swift */,
				A10002000000000000000016 /* VisioLogo.swift */,
				A10002000000000000000017 /* SettingsView.swift */,
				A1000200000000000000001C /* InCallSettingsSheet.swift */,
			);
			path = Views;
			sourceTree = "<group>";
		};
		A10005000000000000000005 /* Frameworks */ = {
			isa = PBXGroup;
			children = (
				A1000200000000000000000B /* libvisio_ffi.a */,
				A1000200000000000000000D /* libresolv.tbd */,
			);
			name = Frameworks;
			sourceTree = "<group>";
		};
		A10005000000000000000006 /* Generated */ = {
			isa = PBXGroup;
			children = (
				A1000200000000000000000A /* visio.swift */,
				A1000200000000000000000F /* visioFFI.h */,
				A10002000000000000000010 /* visioFFI.modulemap */,
				A10002000000000000000011 /* visio_native.h */,
			);
			path = Generated;
			sourceTree = "<group>";
		};
		A10005000000000000000007 /* i18n */ = {
			isa = PBXGroup;
			children = (
				A10002000000000000000014 /* Strings.swift */,
			);
			path = i18n;
			sourceTree = "<group>";
		};
		A10005000000000000000008 /* Services */ = {
			isa = PBXGroup;
			children = (
				A10002000000000000000018 /* CallKitManager.swift */,
				A1000200000000000000001E /* ContextDetector.swift */,
				A10002000000000000000019 /* PiPManager.swift */,
			);
			path = Services;
			sourceTree = "<group>";
		};
		A10005000000000000000009 /* Auth */ = {
			isa = PBXGroup;
			children = (
				A1000200000000000000001D /* OidcAuthManager.swift */,
			);
			path = Auth;
			sourceTree = "<group>";
		};
/* End PBXGroup section */

/* Begin PBXShellScriptBuildPhase section */
		A10007000000000000000002 /* Copy i18n JSON */ = {
			isa = PBXShellScriptBuildPhase;
			buildActionMask = 2147483647;
			files = (
			);
			inputPaths = (
				"$(SRCROOT)/../i18n/en.json",
				"$(SRCROOT)/../i18n/fr.json",
				"$(SRCROOT)/../i18n/de.json",
				"$(SRCROOT)/../i18n/es.json",
				"$(SRCROOT)/../i18n/it.json",
				"$(SRCROOT)/../i18n/nl.json",
			);
			name = "Copy i18n JSON";
			outputPaths = (
				"$(BUILT_PRODUCTS_DIR)/$(PRODUCT_NAME).app/i18n/en.json",
				"$(BUILT_PRODUCTS_DIR)/$(PRODUCT_NAME).app/i18n/fr.json",
				"$(BUILT_PRODUCTS_DIR)/$(PRODUCT_NAME).app/i18n/de.json",
				"$(BUILT_PRODUCTS_DIR)/$(PRODUCT_NAME).app/i18n/es.json",
				"$(BUILT_PRODUCTS_DIR)/$(PRODUCT_NAME).app/i18n/it.json",
				"$(BUILT_PRODUCTS_DIR)/$(PRODUCT_NAME).app/i18n/nl.json",
			);
			runOnlyForDeploymentPostprocessing = 0;
			shellPath = /bin/sh;
			shellScript = "mkdir -p \"${BUILT_PRODUCTS_DIR}/${PRODUCT_NAME}.app/i18n\"\ncp -R \"${SRCROOT}/../i18n/\"*.json \"${BUILT_PRODUCTS_DIR}/${PRODUCT_NAME}.app/i18n/\"\n\n# Copy ONNX model for background blur\ncp \"${SRCROOT}/VisioMobile/Resources/models/selfie_segmentation.onnx\" \"${BUILT_PRODUCTS_DIR}/${PRODUCT_NAME}.app/\"\n";
		};
/* End PBXShellScriptBuildPhase section */

/* Begin PBXResourcesBuildPhase section */
		A10004000000000000000002 /* Resources */ = {
			isa = PBXResourcesBuildPhase;
			buildActionMask = 2147483647;
			files = (
				A10001000000000000000017 /* Assets.xcassets in Resources */,
			);
			runOnlyForDeploymentPostprocessing = 0;
		};
/* End PBXResourcesBuildPhase section */

/* Begin PBXNativeTarget section */
		A10006000000000000000001 /* VisioMobile */ = {
			isa = PBXNativeTarget;
			buildConfigurationList = A10008000000000000000001 /* Build configuration list for PBXNativeTarget "VisioMobile" */;
			buildPhases = (
				A10007000000000000000002 /* Copy i18n JSON */,
				A10007000000000000000001 /* Sources */,
				A10004000000000000000001 /* Frameworks */,
				A10004000000000000000002 /* Resources */,
			);
			buildRules = (
			);
			dependencies = (
			);
			name = VisioMobile;
			productName = VisioMobile;
			productReference = A10003000000000000000001 /* VisioMobile.app */;
			productType = "com.apple.product-type.application";
		};
/* End PBXNativeTarget section */

/* Begin PBXProject section */
		A10009000000000000000001 /* Project object */ = {
			isa = PBXProject;
			attributes = {
				BuildIndependentTargetsInParallel = 1;
				LastSwiftUpdateCheck = 1500;
				LastUpgradeCheck = 1500;
			};
			buildConfigurationList = A10008000000000000000002 /* Build configuration list for PBXProject "VisioMobile" */;
			compatibilityVersion = "Xcode 14.0";
			developmentRegion = en;
			hasScannedForEncodings = 0;
			knownRegions = (
				en,
				fr,
				de,
				es,
				it,
				nl,
			);
			mainGroup = A10005000000000000000001;
			productRefGroup = A10005000000000000000003 /* Products */;
			projectDirPath = "";
			projectRoot = "";
			targets = (
				A10006000000000000000001 /* VisioMobile */,
			);
		};
/* End PBXProject section */

/* Begin PBXSourcesBuildPhase section */
		A10007000000000000000001 /* Sources */ = {
			isa = PBXSourcesBuildPhase;
			buildActionMask = 2147483647;
			files = (
				A10001000000000000000001 /* VisioMobileApp.swift in Sources */,
				A10001000000000000000003 /* VisioManager.swift in Sources */,
				A10001000000000000000004 /* AudioPlayout.swift in Sources */,
				A10001000000000000000005 /* VideoFrameRouter.swift in Sources */,
				A10001000000000000000006 /* HomeView.swift in Sources */,
				A10001000000000000000007 /* CallView.swift in Sources */,
				A10001000000000000000008 /* ChatView.swift in Sources */,
				A10001000000000000000009 /* VideoLayerView.swift in Sources */,
				A1000100000000000000000A /* visio.swift in Sources */,
				A1000100000000000000000E /* CameraCapture.swift in Sources */,
				A1000100000000000000000F /* ParticipantListSheet.swift in Sources */,
				A10001000000000000000010 /* Strings.swift in Sources */,
				A10001000000000000000011 /* Theme.swift in Sources */,
				A10001000000000000000012 /* VisioLogo.swift in Sources */,
				A10001000000000000000013 /* SettingsView.swift in Sources */,
				A10001000000000000000014 /* CallKitManager.swift in Sources */,
				A10001000000000000000015 /* PiPManager.swift in Sources */,
				A10001000000000000000016 /* ToolbarFix.swift in Sources */,
				A10001000000000000000018 /* InCallSettingsSheet.swift in Sources */,
				A10001000000000000000019 /* OidcAuthManager.swift in Sources */,
				A1000100000000000000001A /* ContextDetector.swift in Sources */,
			);
			runOnlyForDeploymentPostprocessing = 0;
		};
/* End PBXSourcesBuildPhase section */

/* Begin XCBuildConfiguration section */
		A1000A00000000000000001 /* Debug */ = {
			isa = XCBuildConfiguration;
			buildSettings = {
				ASSETCATALOG_COMPILER_APPICON_NAME = AppIcon;
				CODE_SIGN_STYLE = Automatic;
				CURRENT_PROJECT_VERSION = 1;
				GENERATE_INFOPLIST_FILE = YES;
				INFOPLIST_FILE = VisioMobile/Info.plist;
				INFOPLIST_KEY_UIApplicationSceneManifest_Generation = YES;
				INFOPLIST_KEY_UIApplicationSupportsIndirectInputEvents = YES;
				INFOPLIST_KEY_UILaunchScreen_Generation = YES;
				INFOPLIST_KEY_UISupportedInterfaceOrientations_iPad = "UIInterfaceOrientationPortrait UIInterfaceOrientationPortraitUpsideDown UIInterfaceOrientationLandscapeLeft UIInterfaceOrientationLandscapeRight";
				INFOPLIST_KEY_UISupportedInterfaceOrientations_iPhone = "UIInterfaceOrientationPortrait UIInterfaceOrientationLandscapeLeft UIInterfaceOrientationLandscapeRight";
				IPHONEOS_DEPLOYMENT_TARGET = 16.0;
				LIBRARY_SEARCH_PATHS = "$(PROJECT_DIR)/../target/aarch64-apple-ios-sim/release";
				MARKETING_VERSION = 0.4.0;
				OTHER_LDFLAGS = (
					"-lvisio_ffi",
					"-ObjC",
					"-lc++",
					"-framework",
					VideoToolbox,
					"-framework",
					MetalKit,
				);
				PRODUCT_BUNDLE_IDENTIFIER = io.visio.mobile;
				PRODUCT_NAME = "$(TARGET_NAME)";
				OTHER_SWIFT_FLAGS = "-Xcc -fmodule-map-file=$(PROJECT_DIR)/VisioMobile/Generated/visioFFI.modulemap";
				SWIFT_VERSION = 5.0;
				TARGETED_DEVICE_FAMILY = "1,2";
			};
			name = Debug;
		};
		A1000A00000000000000002 /* Release */ = {
			isa = XCBuildConfiguration;
			buildSettings = {
				ASSETCATALOG_COMPILER_APPICON_NAME = AppIcon;
				CODE_SIGN_STYLE = Automatic;
				CURRENT_PROJECT_VERSION = 1;
				GENERATE_INFOPLIST_FILE = YES;
				INFOPLIST_FILE = VisioMobile/Info.plist;
				INFOPLIST_KEY_UIApplicationSceneManifest_Generation = YES;
				INFOPLIST_KEY_UIApplicationSupportsIndirectInputEvents = YES;
				INFOPLIST_KEY_UILaunchScreen_Generation = YES;
				INFOPLIST_KEY_UISupportedInterfaceOrientations_iPad = "UIInterfaceOrientationPortrait UIInterfaceOrientationPortraitUpsideDown UIInterfaceOrientationLandscapeLeft UIInterfaceOrientationLandscapeRight";
				INFOPLIST_KEY_UISupportedInterfaceOrientations_iPhone = "UIInterfaceOrientationPortrait UIInterfaceOrientationLandscapeLeft UIInterfaceOrientationLandscapeRight";
				IPHONEOS_DEPLOYMENT_TARGET = 16.0;
				LIBRARY_SEARCH_PATHS = "$(PROJECT_DIR)/../target/aarch64-apple-ios/release";
				MARKETING_VERSION = 0.4.0;
				OTHER_LDFLAGS = (
					"-lvisio_ffi",
					"-ObjC",
					"-lc++",
					"-framework",
					VideoToolbox,
					"-framework",
					MetalKit,
				);
				PRODUCT_BUNDLE_IDENTIFIER = io.visio.mobile;
				PRODUCT_NAME = "$(TARGET_NAME)";
				OTHER_SWIFT_FLAGS = "-Xcc -fmodule-map-file=$(PROJECT_DIR)/VisioMobile/Generated/visioFFI.modulemap";
				SWIFT_VERSION = 5.0;
				TARGETED_DEVICE_FAMILY = "1,2";
			};
			name = Release;
		};
		A1000B00000000000000001 /* Debug */ = {
			isa = XCBuildConfiguration;
			buildSettings = {
				ALWAYS_SEARCH_USER_PATHS = NO;
				CLANG_ANALYZER_NONNULL = YES;
				CLANG_ANALYZER_NUMBER_OBJECT_CONVERSION = YES_AGGRESSIVE;
				CLANG_CXX_LANGUAGE_STANDARD = "gnu++20";
				CLANG_ENABLE_MODULES = YES;
				CLANG_ENABLE_OBJC_ARC = YES;
				COPY_PHASE_STRIP = NO;
				DEBUG_INFORMATION_FORMAT = dwarf;
				ENABLE_STRICT_OBJC_MSGSEND = YES;
				ENABLE_TESTABILITY = YES;
				GCC_DYNAMIC_NO_PIC = NO;
				GCC_OPTIMIZATION_LEVEL = 0;
				GCC_PREPROCESSOR_DEFINITIONS = (
					"DEBUG=1",
					"$(inherited)",
				);
				GCC_WARN_ABOUT_RETURN_TYPE = YES_ERROR;
				GCC_WARN_UNDECLARED_SELECTOR = YES;
				GCC_WARN_UNINITIALIZED_AUTOS = YES_AGGRESSIVE;
				GCC_WARN_UNUSED_FUNCTION = YES;
				GCC_WARN_UNUSED_VARIABLE = YES;
				MTL_ENABLE_DEBUG_INFO = INCLUDE_SOURCE;
				ONLY_ACTIVE_ARCH = YES;
				SDKROOT = iphoneos;
				SWIFT_ACTIVE_COMPILATION_CONDITIONS = DEBUG;
				SWIFT_OPTIMIZATION_LEVEL = "-Onone";
			};
			name = Debug;
		};
		A1000B00000000000000002 /* Release */ = {
			isa = XCBuildConfiguration;
			buildSettings = {
				ALWAYS_SEARCH_USER_PATHS = NO;
				CLANG_ANALYZER_NONNULL = YES;
				CLANG_ANALYZER_NUMBER_OBJECT_CONVERSION = YES_AGGRESSIVE;
				CLANG_CXX_LANGUAGE_STANDARD = "gnu++20";
				CLANG_ENABLE_MODULES = YES;
				CLANG_ENABLE_OBJC_ARC = YES;
				COPY_PHASE_STRIP = NO;
				DEBUG_INFORMATION_FORMAT = "dwarf-with-dsym";
				ENABLE_NS_ASSERTIONS = NO;
				ENABLE_STRICT_OBJC_MSGSEND = YES;
				GCC_WARN_ABOUT_RETURN_TYPE = YES_ERROR;
				GCC_WARN_UNDECLARED_SELECTOR = YES;
				GCC_WARN_UNINITIALIZED_AUTOS = YES_AGGRESSIVE;
				GCC_WARN_UNUSED_FUNCTION = YES;
				GCC_WARN_UNUSED_VARIABLE = YES;
				MTL_ENABLE_DEBUG_INFO = NO;
				SDKROOT = iphoneos;
				SWIFT_COMPILATION_MODE = wholemodule;
				SWIFT_OPTIMIZATION_LEVEL = "-O";
				VALIDATE_PRODUCT = YES;
			};
			name = Release;
		};
/* End XCBuildConfiguration section */

/* Begin XCConfigurationList section */
		A10008000000000000000001 /* Build configuration list for PBXNativeTarget "VisioMobile" */ = {
			isa = XCConfigurationList;
			buildConfigurations = (
				A1000A00000000000000001 /* Debug */,
				A1000A00000000000000002 /* Release */,
			);
			defaultConfigurationIsVisible = 0;
			defaultConfigurationName = Release;
		};
		A10008000000000000000002 /* Build configuration list for PBXProject "VisioMobile" */ = {
			isa = XCConfigurationList;
			buildConfigurations = (
				A1000B00000000000000001 /* Debug */,
				A1000B00000000000000002 /* Release */,
			);
			defaultConfigurationIsVisible = 0;
			defaultConfigurationName = Release;
		};
/* End XCConfigurationList section */

	};
	rootObject = A10009000000000000000001 /* Project object */;
}
